# This file is generated by running "yarn install" inside your project.
# Manual changes might be lost - proceed with caution!

__metadata:
  version: 6
  cacheKey: 8

"@tsconfig/node20@npm:^1.0.2":
  version: 1.0.2
  resolution: "@tsconfig/node20@npm:1.0.2"
  checksum: d7424dc94943b5876f00836bc9335f7a2a3a1ab85272a877d9b585c30ac7a9fe94fa947195e0c69207c90c2e8ae8dc4a86939ee8e69975999e3a015d61df3f50
  languageName: node
  linkType: hard

"@types/node@npm:^20.3.2":
  version: 20.3.2
  resolution: "@types/node@npm:20.3.2"
  checksum: 5929ce2b9b12b1e2a2304a0921a953c72a81f5753ad39ac43b99ce6312fbb2b4fb5bc6b60d64a2550704e3223cd5de1299467d36085ac69888899db978f2653a
  languageName: node
  linkType: hard

"chalk@npm:^5.3.0":
  version: 5.3.0
  resolution: "chalk@npm:5.3.0"
  checksum: 623922e077b7d1e9dedaea6f8b9e9352921f8ae3afe739132e0e00c275971bdd331268183b2628cf4ab1727c45ea1f28d7e24ac23ce1db1eb653c414ca8a5a80
  languageName: node
  linkType: hard

"dotenv@npm:^16.3.1":
  version: 16.3.1
  resolution: "dotenv@npm:16.3.1"
  checksum: 15d75e7279018f4bafd0ee9706593dd14455ddb71b3bcba9c52574460b7ccaf67d5cf8b2c08a5af1a9da6db36c956a04a1192b101ee102a3e0cf8817bbcf3dfd
  languageName: node
  linkType: hard

"popyt@npm:^7.0.0":
  version: 7.0.0
  resolution: "popyt@npm:7.0.0"
  checksum: afe4c9faf2e8fec96b11eea34198dbb87a516ecaa2cc1389bf55b680fac47fc11f6cd499ddef86c2b0c8511502fe5f09c8fcb042ec404c338947b1708423a7ee
  languageName: node
  linkType: hard

"test@workspace:.":
  version: 0.0.0-use.local
  resolution: "test@workspace:."
  dependencies:
    "@tsconfig/node20": ^1.0.2
    "@types/node": ^20.3.2
    chalk: ^5.3.0
    dotenv: ^16.3.1
    popyt: ^7.0.0
    typescript: ^5.1.6
  languageName: unknown
  linkType: soft

"typescript@npm:^5.1.6":
  version: 5.1.6
  resolution: "typescript@npm:5.1.6"
  bin:
    tsc: bin/tsc
    tsserver: bin/tsserver
  checksum: b2f2c35096035fe1f5facd1e38922ccb8558996331405eb00a5111cc948b2e733163cc22fab5db46992aba7dd520fff637f2c1df4996ff0e134e77d3249a7350
  languageName: node
  linkType: hard

"typescript@patch:typescript@^5.1.6#~builtin<compat/typescript>":
  version: 5.1.6
  resolution: "typescript@patch:typescript@npm%3A5.1.6#~builtin<compat/typescript>::version=5.1.6&hash=5da071"
  bin:
    tsc: bin/tsc
    tsserver: bin/tsserver
  checksum: f53bfe97f7c8b2b6d23cf572750d4e7d1e0c5fff1c36d859d0ec84556a827b8785077bc27676bf7e71fae538e517c3ecc0f37e7f593be913d884805d931bc8be
  languageName: node
  linkType: hard
